
Microsoft Visual Studio Solution File, Format Version 11.00
# Visual Studio 2010
Project("{FAE04EC0-301F-11D3-BF4B-00C04F79EFBC}") = "wox", "wox\wox.csproj", "{56D20264-BD81-4E83-83B8-9912514D17A7}"
EndProject
Project("{FAE04EC0-301F-11D3-BF4B-00C04F79EFBC}") = "SocketService", "SocketService\SocketService.csproj", "{3B89D58C-5E4E-4F7A-B256-2DE189684322}"
EndProject
Project("{2150E333-8FDC-42A3-9474-1A3956D46DE8}") = "ReferencedAssemblies", "ReferencedAssemblies", "{97F426EB-5906-4E7A-83B8-FA78E8CE6C2D}"
	ProjectSection(SolutionItems) = preProject
		SocketService\Referenced Assemblies\BouncyCastle.Crypto.dll = SocketService\Referenced Assemblies\BouncyCastle.Crypto.dll
	EndProjectSection
EndProject
Project("{FAE04EC0-301F-11D3-BF4B-00C04F79EFBC}") = "TestProject1", "TestProject1\TestProject1.csproj", "{4A0CB2DD-9ED9-427E-AB15-3D4C619CCA52}"
EndProject
Project("{2150E333-8FDC-42A3-9474-1A3956D46DE8}") = "Solution Items", "Solution Items", "{7A374CB4-F52F-4E01-B403-77326C51795A}"
	ProjectSection(SolutionItems) = preProject
		Local.testsettings = Local.testsettings
		SocketServer1.vsmdi = SocketServer1.vsmdi
		TraceAndTestImpact.testsettings = TraceAndTestImpact.testsettings
	EndProjectSection
EndProject
Project("{FAE04EC0-301F-11D3-BF4B-00C04F79EFBC}") = "SocketService.Framework", "SocketService.Framework\SocketService.Framework.csproj", "{A0CAE0A0-EFA9-452B-98FB-5FE3172FCD1B}"
EndProject
Project("{FAE04EC0-301F-11D3-BF4B-00C04F79EFBC}") = "SocketService.Framework.Client", "SocketService.Framework.Client\SocketService.Framework.Client.csproj", "{93FD4F32-5214-40E3-8E36-5B4E354F10C4}"
EndProject
Project("{FAE04EC0-301F-11D3-BF4B-00C04F79EFBC}") = "SocketService.Framework.Request", "SocketService.Framework.Request\SocketService.Framework.Request.csproj", "{5266A3D3-25DC-492B-BFDC-973D79BA7D90}"
EndProject
Project("{FAE04EC0-301F-11D3-BF4B-00C04F79EFBC}") = "SocketService.Framework.SharedObjects", "SocketService.Framework.SharedObjects\SocketService.Framework.SharedObjects.csproj", "{67292447-E315-4583-8FD5-14DEA8D4B08E}"
EndProject
Project("{FAE04EC0-301F-11D3-BF4B-00C04F79EFBC}") = "SocketService.Framework.Crypto", "SocketService.Framework.Crypto\SocketService.Framework.Crypto.csproj", "{4138075A-49CD-4A46-92CB-DFF64A0BB0B6}"
EndProject
Global
	GlobalSection(TestCaseManagementSettings) = postSolution
		CategoryFile = SocketServer1.vsmdi
	EndGlobalSection
	GlobalSection(SolutionConfigurationPlatforms) = preSolution
		Debug|Any CPU = Debug|Any CPU
		Debug|Mixed Platforms = Debug|Mixed Platforms
		Debug|x86 = Debug|x86
		Release|Any CPU = Release|Any CPU
		Release|Mixed Platforms = Release|Mixed Platforms
		Release|x86 = Release|x86
	EndGlobalSection
	GlobalSection(ProjectConfigurationPlatforms) = postSolution
		{56D20264-BD81-4E83-83B8-9912514D17A7}.Debug|Any CPU.ActiveCfg = Debug|Any CPU
		{56D20264-BD81-4E83-83B8-9912514D17A7}.Debug|Any CPU.Build.0 = Debug|Any CPU
		{56D20264-BD81-4E83-83B8-9912514D17A7}.Debug|Mixed Platforms.ActiveCfg = Debug|Any CPU
		{56D20264-BD81-4E83-83B8-9912514D17A7}.Debug|Mixed Platforms.Build.0 = Debug|Any CPU
		{56D20264-BD81-4E83-83B8-9912514D17A7}.Debug|x86.ActiveCfg = Debug|Any CPU
		{56D20264-BD81-4E83-83B8-9912514D17A7}.Release|Any CPU.ActiveCfg = Release|Any CPU
		{56D20264-BD81-4E83-83B8-9912514D17A7}.Release|Any CPU.Build.0 = Release|Any CPU
		{56D20264-BD81-4E83-83B8-9912514D17A7}.Release|Mixed Platforms.ActiveCfg = Release|Any CPU
		{56D20264-BD81-4E83-83B8-9912514D17A7}.Release|Mixed Platforms.Build.0 = Release|Any CPU
		{56D20264-BD81-4E83-83B8-9912514D17A7}.Release|x86.ActiveCfg = Release|Any CPU
		{3B89D58C-5E4E-4F7A-B256-2DE189684322}.Debug|Any CPU.ActiveCfg = Debug|x86
		{3B89D58C-5E4E-4F7A-B256-2DE189684322}.Debug|Mixed Platforms.ActiveCfg = Debug|x86
		{3B89D58C-5E4E-4F7A-B256-2DE189684322}.Debug|Mixed Platforms.Build.0 = Debug|x86
		{3B89D58C-5E4E-4F7A-B256-2DE189684322}.Debug|x86.ActiveCfg = Debug|x86
		{3B89D58C-5E4E-4F7A-B256-2DE189684322}.Debug|x86.Build.0 = Debug|x86
		{3B89D58C-5E4E-4F7A-B256-2DE189684322}.Release|Any CPU.ActiveCfg = Release|x86
		{3B89D58C-5E4E-4F7A-B256-2DE189684322}.Release|Mixed Platforms.ActiveCfg = Release|x86
		{3B89D58C-5E4E-4F7A-B256-2DE189684322}.Release|Mixed Platforms.Build.0 = Release|x86
		{3B89D58C-5E4E-4F7A-B256-2DE189684322}.Release|x86.ActiveCfg = Release|x86
		{3B89D58C-5E4E-4F7A-B256-2DE189684322}.Release|x86.Build.0 = Release|x86
		{4A0CB2DD-9ED9-427E-AB15-3D4C619CCA52}.Debug|Any CPU.ActiveCfg = Debug|Any CPU
		{4A0CB2DD-9ED9-427E-AB15-3D4C619CCA52}.Debug|Any CPU.Build.0 = Debug|Any CPU
		{4A0CB2DD-9ED9-427E-AB15-3D4C619CCA52}.Debug|Mixed Platforms.ActiveCfg = Debug|Any CPU
		{4A0CB2DD-9ED9-427E-AB15-3D4C619CCA52}.Debug|Mixed Platforms.Build.0 = Debug|Any CPU
		{4A0CB2DD-9ED9-427E-AB15-3D4C619CCA52}.Debug|x86.ActiveCfg = Debug|Any CPU
		{4A0CB2DD-9ED9-427E-AB15-3D4C619CCA52}.Release|Any CPU.ActiveCfg = Release|Any CPU
		{4A0CB2DD-9ED9-427E-AB15-3D4C619CCA52}.Release|Any CPU.Build.0 = Release|Any CPU
		{4A0CB2DD-9ED9-427E-AB15-3D4C619CCA52}.Release|Mixed Platforms.ActiveCfg = Release|Any CPU
		{4A0CB2DD-9ED9-427E-AB15-3D4C619CCA52}.Release|Mixed Platforms.Build.0 = Release|Any CPU
		{4A0CB2DD-9ED9-427E-AB15-3D4C619CCA52}.Release|x86.ActiveCfg = Release|Any CPU
		{A0CAE0A0-EFA9-452B-98FB-5FE3172FCD1B}.Debug|Any CPU.ActiveCfg = Debug|Any CPU
		{A0CAE0A0-EFA9-452B-98FB-5FE3172FCD1B}.Debug|Any CPU.Build.0 = Debug|Any CPU
		{A0CAE0A0-EFA9-452B-98FB-5FE3172FCD1B}.Debug|Mixed Platforms.ActiveCfg = Debug|Any CPU
		{A0CAE0A0-EFA9-452B-98FB-5FE3172FCD1B}.Debug|Mixed Platforms.Build.0 = Debug|Any CPU
		{A0CAE0A0-EFA9-452B-98FB-5FE3172FCD1B}.Debug|x86.ActiveCfg = Debug|Any CPU
		{A0CAE0A0-EFA9-452B-98FB-5FE3172FCD1B}.Release|Any CPU.ActiveCfg = Release|Any CPU
		{A0CAE0A0-EFA9-452B-98FB-5FE3172FCD1B}.Release|Any CPU.Build.0 = Release|Any CPU
		{A0CAE0A0-EFA9-452B-98FB-5FE3172FCD1B}.Release|Mixed Platforms.ActiveCfg = Release|Any CPU
		{A0CAE0A0-EFA9-452B-98FB-5FE3172FCD1B}.Release|Mixed Platforms.Build.0 = Release|Any CPU
		{A0CAE0A0-EFA9-452B-98FB-5FE3172FCD1B}.Release|x86.ActiveCfg = Release|Any CPU
		{93FD4F32-5214-40E3-8E36-5B4E354F10C4}.Debug|Any CPU.ActiveCfg = Debug|Any CPU
		{93FD4F32-5214-40E3-8E36-5B4E354F10C4}.Debug|Any CPU.Build.0 = Debug|Any CPU
		{93FD4F32-5214-40E3-8E36-5B4E354F10C4}.Debug|Mixed Platforms.ActiveCfg = Debug|Any CPU
		{93FD4F32-5214-40E3-8E36-5B4E354F10C4}.Debug|Mixed Platforms.Build.0 = Debug|Any CPU
		{93FD4F32-5214-40E3-8E36-5B4E354F10C4}.Debug|x86.ActiveCfg = Debug|Any CPU
		{93FD4F32-5214-40E3-8E36-5B4E354F10C4}.Release|Any CPU.ActiveCfg = Release|Any CPU
		{93FD4F32-5214-40E3-8E36-5B4E354F10C4}.Release|Any CPU.Build.0 = Release|Any CPU
		{93FD4F32-5214-40E3-8E36-5B4E354F10C4}.Release|Mixed Platforms.ActiveCfg = Release|Any CPU
		{93FD4F32-5214-40E3-8E36-5B4E354F10C4}.Release|Mixed Platforms.Build.0 = Release|Any CPU
		{93FD4F32-5214-40E3-8E36-5B4E354F10C4}.Release|x86.ActiveCfg = Release|Any CPU
		{5266A3D3-25DC-492B-BFDC-973D79BA7D90}.Debug|Any CPU.ActiveCfg = Debug|Any CPU
		{5266A3D3-25DC-492B-BFDC-973D79BA7D90}.Debug|Any CPU.Build.0 = Debug|Any CPU
		{5266A3D3-25DC-492B-BFDC-973D79BA7D90}.Debug|Mixed Platforms.ActiveCfg = Debug|Any CPU
		{5266A3D3-25DC-492B-BFDC-973D79BA7D90}.Debug|Mixed Platforms.Build.0 = Debug|Any CPU
		{5266A3D3-25DC-492B-BFDC-973D79BA7D90}.Debug|x86.ActiveCfg = Debug|Any CPU
		{5266A3D3-25DC-492B-BFDC-973D79BA7D90}.Release|Any CPU.ActiveCfg = Release|Any CPU
		{5266A3D3-25DC-492B-BFDC-973D79BA7D90}.Release|Any CPU.Build.0 = Release|Any CPU
		{5266A3D3-25DC-492B-BFDC-973D79BA7D90}.Release|Mixed Platforms.ActiveCfg = Release|Any CPU
		{5266A3D3-25DC-492B-BFDC-973D79BA7D90}.Release|Mixed Platforms.Build.0 = Release|Any CPU
		{5266A3D3-25DC-492B-BFDC-973D79BA7D90}.Release|x86.ActiveCfg = Release|Any CPU
		{67292447-E315-4583-8FD5-14DEA8D4B08E}.Debug|Any CPU.ActiveCfg = Debug|Any CPU
		{67292447-E315-4583-8FD5-14DEA8D4B08E}.Debug|Any CPU.Build.0 = Debug|Any CPU
		{67292447-E315-4583-8FD5-14DEA8D4B08E}.Debug|Mixed Platforms.ActiveCfg = Debug|Any CPU
		{67292447-E315-4583-8FD5-14DEA8D4B08E}.Debug|Mixed Platforms.Build.0 = Debug|Any CPU
		{67292447-E315-4583-8FD5-14DEA8D4B08E}.Debug|x86.ActiveCfg = Debug|Any CPU
		{67292447-E315-4583-8FD5-14DEA8D4B08E}.Release|Any CPU.ActiveCfg = Release|Any CPU
		{67292447-E315-4583-8FD5-14DEA8D4B08E}.Release|Any CPU.Build.0 = Release|Any CPU
		{67292447-E315-4583-8FD5-14DEA8D4B08E}.Release|Mixed Platforms.ActiveCfg = Release|Any CPU
		{67292447-E315-4583-8FD5-14DEA8D4B08E}.Release|Mixed Platforms.Build.0 = Release|Any CPU
		{67292447-E315-4583-8FD5-14DEA8D4B08E}.Release|x86.ActiveCfg = Release|Any CPU
		{4138075A-49CD-4A46-92CB-DFF64A0BB0B6}.Debug|Any CPU.ActiveCfg = Debug|Any CPU
		{4138075A-49CD-4A46-92CB-DFF64A0BB0B6}.Debug|Any CPU.Build.0 = Debug|Any CPU
		{4138075A-49CD-4A46-92CB-DFF64A0BB0B6}.Debug|Mixed Platforms.ActiveCfg = Debug|Any CPU
		{4138075A-49CD-4A46-92CB-DFF64A0BB0B6}.Debug|Mixed Platforms.Build.0 = Debug|Any CPU
		{4138075A-49CD-4A46-92CB-DFF64A0BB0B6}.Debug|x86.ActiveCfg = Debug|Any CPU
		{4138075A-49CD-4A46-92CB-DFF64A0BB0B6}.Release|Any CPU.ActiveCfg = Release|Any CPU
		{4138075A-49CD-4A46-92CB-DFF64A0BB0B6}.Release|Any CPU.Build.0 = Release|Any CPU
		{4138075A-49CD-4A46-92CB-DFF64A0BB0B6}.Release|Mixed Platforms.ActiveCfg = Release|Any CPU
		{4138075A-49CD-4A46-92CB-DFF64A0BB0B6}.Release|Mixed Platforms.Build.0 = Release|Any CPU
		{4138075A-49CD-4A46-92CB-DFF64A0BB0B6}.Release|x86.ActiveCfg = Release|Any CPU
	EndGlobalSection
	GlobalSection(SolutionProperties) = preSolution
		HideSolutionNode = FALSE
	EndGlobalSection
EndGlobal
