
Microsoft Visual Studio Solution File, Format Version 11.00
# Visual Studio 2010
Project("{FAE04EC0-301F-11D3-BF4B-00C04F79EFBC}") = "SocketService", "SocketService\SocketService.csproj", "{3B89D58C-5E4E-4F7A-B256-2DE189684322}"
EndProject
Project("{2150E333-8FDC-42A3-9474-1A3956D46DE8}") = "ReferencedAssemblies", "ReferencedAssemblies", "{97F426EB-5906-4E7A-83B8-FA78E8CE6C2D}"
	ProjectSection(SolutionItems) = preProject
		SocketService\Referenced Assemblies\BouncyCastle.Crypto.dll = SocketService\Referenced Assemblies\BouncyCastle.Crypto.dll
	EndProjectSection
EndProject
Project("{2150E333-8FDC-42A3-9474-1A3956D46DE8}") = "Solution Items", "Solution Items", "{7A374CB4-F52F-4E01-B403-77326C51795A}"
	ProjectSection(SolutionItems) = preProject
		Local.testsettings = Local.testsettings
		SocketServer1.vsmdi = SocketServer1.vsmdi
		TraceAndTestImpact.testsettings = TraceAndTestImpact.testsettings
	EndProjectSection
EndProject
Project("{FAE04EC0-301F-11D3-BF4B-00C04F79EFBC}") = "ConsoleApplication1", "ConsoleApplication1\ConsoleApplication1.csproj", "{0E8F0B30-5C79-47A4-9F35-932CBBEC0139}"
EndProject
Project("{FAE04EC0-301F-11D3-BF4B-00C04F79EFBC}") = "SocketService.Event", "SocketService.Event\SocketService.Event.csproj", "{656E34AF-78EA-4ED0-B67C-B3EA28E002C9}"
EndProject
Project("{FAE04EC0-301F-11D3-BF4B-00C04F79EFBC}") = "SocketService.Core", "SocketService.Core\SocketService.Core.csproj", "{A0CAE0A0-EFA9-452B-98FB-5FE3172FCD1B}"
EndProject
Project("{FAE04EC0-301F-11D3-BF4B-00C04F79EFBC}") = "SocketService.Shared", "SocketService.Shared\SocketService.Shared.csproj", "{7C9013CF-CEC4-4F7D-B80D-C6FA2E243CF1}"
EndProject
Project("{FAE04EC0-301F-11D3-BF4B-00C04F79EFBC}") = "SocketService.Client", "SocketService.Client\SocketService.Client.csproj", "{93FD4F32-5214-40E3-8E36-5B4E354F10C4}"
EndProject
Project("{FAE04EC0-301F-11D3-BF4B-00C04F79EFBC}") = "SocketService.Crypto", "SocketService.Crypto\SocketService.Crypto.csproj", "{4138075A-49CD-4A46-92CB-DFF64A0BB0B6}"
EndProject
Global
	GlobalSection(TestCaseManagementSettings) = postSolution
		CategoryFile = SocketServer1.vsmdi
	EndGlobalSection
	GlobalSection(SolutionConfigurationPlatforms) = preSolution
		Debug|Any CPU = Debug|Any CPU
		Debug|Mixed Platforms = Debug|Mixed Platforms
		Debug|x86 = Debug|x86
		Release|Any CPU = Release|Any CPU
		Release|Mixed Platforms = Release|Mixed Platforms
		Release|x86 = Release|x86
	EndGlobalSection
	GlobalSection(ProjectConfigurationPlatforms) = postSolution
		{3B89D58C-5E4E-4F7A-B256-2DE189684322}.Debug|Any CPU.ActiveCfg = Debug|x86
		{3B89D58C-5E4E-4F7A-B256-2DE189684322}.Debug|Mixed Platforms.ActiveCfg = Debug|x86
		{3B89D58C-5E4E-4F7A-B256-2DE189684322}.Debug|Mixed Platforms.Build.0 = Debug|x86
		{3B89D58C-5E4E-4F7A-B256-2DE189684322}.Debug|x86.ActiveCfg = Debug|x86
		{3B89D58C-5E4E-4F7A-B256-2DE189684322}.Debug|x86.Build.0 = Debug|x86
		{3B89D58C-5E4E-4F7A-B256-2DE189684322}.Release|Any CPU.ActiveCfg = Release|x86
		{3B89D58C-5E4E-4F7A-B256-2DE189684322}.Release|Mixed Platforms.ActiveCfg = Release|x86
		{3B89D58C-5E4E-4F7A-B256-2DE189684322}.Release|Mixed Platforms.Build.0 = Release|x86
		{3B89D58C-5E4E-4F7A-B256-2DE189684322}.Release|x86.ActiveCfg = Release|x86
		{3B89D58C-5E4E-4F7A-B256-2DE189684322}.Release|x86.Build.0 = Release|x86
		{0E8F0B30-5C79-47A4-9F35-932CBBEC0139}.Debug|Any CPU.ActiveCfg = Debug|x86
		{0E8F0B30-5C79-47A4-9F35-932CBBEC0139}.Debug|Mixed Platforms.ActiveCfg = Debug|x86
		{0E8F0B30-5C79-47A4-9F35-932CBBEC0139}.Debug|Mixed Platforms.Build.0 = Debug|x86
		{0E8F0B30-5C79-47A4-9F35-932CBBEC0139}.Debug|x86.ActiveCfg = Debug|x86
		{0E8F0B30-5C79-47A4-9F35-932CBBEC0139}.Debug|x86.Build.0 = Debug|x86
		{0E8F0B30-5C79-47A4-9F35-932CBBEC0139}.Release|Any CPU.ActiveCfg = Release|x86
		{0E8F0B30-5C79-47A4-9F35-932CBBEC0139}.Release|Mixed Platforms.ActiveCfg = Release|x86
		{0E8F0B30-5C79-47A4-9F35-932CBBEC0139}.Release|Mixed Platforms.Build.0 = Release|x86
		{0E8F0B30-5C79-47A4-9F35-932CBBEC0139}.Release|x86.ActiveCfg = Release|x86
		{0E8F0B30-5C79-47A4-9F35-932CBBEC0139}.Release|x86.Build.0 = Release|x86
		{656E34AF-78EA-4ED0-B67C-B3EA28E002C9}.Debug|Any CPU.ActiveCfg = Debug|x86
		{656E34AF-78EA-4ED0-B67C-B3EA28E002C9}.Debug|Mixed Platforms.ActiveCfg = Debug|x86
		{656E34AF-78EA-4ED0-B67C-B3EA28E002C9}.Debug|Mixed Platforms.Build.0 = Debug|x86
		{656E34AF-78EA-4ED0-B67C-B3EA28E002C9}.Debug|x86.ActiveCfg = Debug|x86
		{656E34AF-78EA-4ED0-B67C-B3EA28E002C9}.Debug|x86.Build.0 = Debug|x86
		{656E34AF-78EA-4ED0-B67C-B3EA28E002C9}.Release|Any CPU.ActiveCfg = Release|x86
		{656E34AF-78EA-4ED0-B67C-B3EA28E002C9}.Release|Mixed Platforms.ActiveCfg = Release|x86
		{656E34AF-78EA-4ED0-B67C-B3EA28E002C9}.Release|Mixed Platforms.Build.0 = Release|x86
		{656E34AF-78EA-4ED0-B67C-B3EA28E002C9}.Release|x86.ActiveCfg = Release|x86
		{656E34AF-78EA-4ED0-B67C-B3EA28E002C9}.Release|x86.Build.0 = Release|x86
		{A0CAE0A0-EFA9-452B-98FB-5FE3172FCD1B}.Debug|Any CPU.ActiveCfg = Debug|Any CPU
		{A0CAE0A0-EFA9-452B-98FB-5FE3172FCD1B}.Debug|Any CPU.Build.0 = Debug|Any CPU
		{A0CAE0A0-EFA9-452B-98FB-5FE3172FCD1B}.Debug|Mixed Platforms.ActiveCfg = Debug|Any CPU
		{A0CAE0A0-EFA9-452B-98FB-5FE3172FCD1B}.Debug|Mixed Platforms.Build.0 = Debug|Any CPU
		{A0CAE0A0-EFA9-452B-98FB-5FE3172FCD1B}.Debug|x86.ActiveCfg = Debug|Any CPU
		{A0CAE0A0-EFA9-452B-98FB-5FE3172FCD1B}.Release|Any CPU.ActiveCfg = Release|Any CPU
		{A0CAE0A0-EFA9-452B-98FB-5FE3172FCD1B}.Release|Any CPU.Build.0 = Release|Any CPU
		{A0CAE0A0-EFA9-452B-98FB-5FE3172FCD1B}.Release|Mixed Platforms.ActiveCfg = Release|Any CPU
		{A0CAE0A0-EFA9-452B-98FB-5FE3172FCD1B}.Release|Mixed Platforms.Build.0 = Release|Any CPU
		{A0CAE0A0-EFA9-452B-98FB-5FE3172FCD1B}.Release|x86.ActiveCfg = Release|Any CPU
		{7C9013CF-CEC4-4F7D-B80D-C6FA2E243CF1}.Debug|Any CPU.ActiveCfg = Debug|x86
		{7C9013CF-CEC4-4F7D-B80D-C6FA2E243CF1}.Debug|Mixed Platforms.ActiveCfg = Debug|x86
		{7C9013CF-CEC4-4F7D-B80D-C6FA2E243CF1}.Debug|Mixed Platforms.Build.0 = Debug|x86
		{7C9013CF-CEC4-4F7D-B80D-C6FA2E243CF1}.Debug|x86.ActiveCfg = Debug|x86
		{7C9013CF-CEC4-4F7D-B80D-C6FA2E243CF1}.Debug|x86.Build.0 = Debug|x86
		{7C9013CF-CEC4-4F7D-B80D-C6FA2E243CF1}.Release|Any CPU.ActiveCfg = Release|x86
		{7C9013CF-CEC4-4F7D-B80D-C6FA2E243CF1}.Release|Mixed Platforms.ActiveCfg = Release|x86
		{7C9013CF-CEC4-4F7D-B80D-C6FA2E243CF1}.Release|Mixed Platforms.Build.0 = Release|x86
		{7C9013CF-CEC4-4F7D-B80D-C6FA2E243CF1}.Release|x86.ActiveCfg = Release|x86
		{7C9013CF-CEC4-4F7D-B80D-C6FA2E243CF1}.Release|x86.Build.0 = Release|x86
		{93FD4F32-5214-40E3-8E36-5B4E354F10C4}.Debug|Any CPU.ActiveCfg = Debug|Any CPU
		{93FD4F32-5214-40E3-8E36-5B4E354F10C4}.Debug|Any CPU.Build.0 = Debug|Any CPU
		{93FD4F32-5214-40E3-8E36-5B4E354F10C4}.Debug|Mixed Platforms.ActiveCfg = Debug|Any CPU
		{93FD4F32-5214-40E3-8E36-5B4E354F10C4}.Debug|Mixed Platforms.Build.0 = Debug|Any CPU
		{93FD4F32-5214-40E3-8E36-5B4E354F10C4}.Debug|x86.ActiveCfg = Debug|Any CPU
		{93FD4F32-5214-40E3-8E36-5B4E354F10C4}.Release|Any CPU.ActiveCfg = Release|Any CPU
		{93FD4F32-5214-40E3-8E36-5B4E354F10C4}.Release|Any CPU.Build.0 = Release|Any CPU
		{93FD4F32-5214-40E3-8E36-5B4E354F10C4}.Release|Mixed Platforms.ActiveCfg = Release|Any CPU
		{93FD4F32-5214-40E3-8E36-5B4E354F10C4}.Release|Mixed Platforms.Build.0 = Release|Any CPU
		{93FD4F32-5214-40E3-8E36-5B4E354F10C4}.Release|x86.ActiveCfg = Release|Any CPU
		{4138075A-49CD-4A46-92CB-DFF64A0BB0B6}.Debug|Any CPU.ActiveCfg = Debug|Any CPU
		{4138075A-49CD-4A46-92CB-DFF64A0BB0B6}.Debug|Any CPU.Build.0 = Debug|Any CPU
		{4138075A-49CD-4A46-92CB-DFF64A0BB0B6}.Debug|Mixed Platforms.ActiveCfg = Debug|Any CPU
		{4138075A-49CD-4A46-92CB-DFF64A0BB0B6}.Debug|Mixed Platforms.Build.0 = Debug|Any CPU
		{4138075A-49CD-4A46-92CB-DFF64A0BB0B6}.Debug|x86.ActiveCfg = Debug|Any CPU
		{4138075A-49CD-4A46-92CB-DFF64A0BB0B6}.Release|Any CPU.ActiveCfg = Release|Any CPU
		{4138075A-49CD-4A46-92CB-DFF64A0BB0B6}.Release|Any CPU.Build.0 = Release|Any CPU
		{4138075A-49CD-4A46-92CB-DFF64A0BB0B6}.Release|Mixed Platforms.ActiveCfg = Release|Any CPU
		{4138075A-49CD-4A46-92CB-DFF64A0BB0B6}.Release|Mixed Platforms.Build.0 = Release|Any CPU
		{4138075A-49CD-4A46-92CB-DFF64A0BB0B6}.Release|x86.ActiveCfg = Release|Any CPU
	EndGlobalSection
	GlobalSection(SolutionProperties) = preSolution
		HideSolutionNode = FALSE
	EndGlobalSection
EndGlobal
